// !$*UTF8*$!
{
	archiveVersion = 1;
	classes = {
	};
	objectVersion = 50;
	objects = {

/* Begin PBXBuildFile section */
		CF5D37C32656B80B003F11DA /* AppDelegate.swift in Sources */ = {isa = PBXBuildFile; fileRef = CF5D37C22656B80B003F11DA /* AppDelegate.swift */; };
		CF5D37C52656B80B003F11DA /* SceneDelegate.swift in Sources */ = {isa = PBXBuildFile; fileRef = CF5D37C42656B80B003F11DA /* SceneDelegate.swift */; };
		CF5D37C72656B80B003F11DA /* ViewController.swift in Sources */ = {isa = PBXBuildFile; fileRef = CF5D37C62656B80B003F11DA /* ViewController.swift */; };
		CF5D37CA2656B80B003F11DA /* Main.storyboard in Resources */ = {isa = PBXBuildFile; fileRef = CF5D37C82656B80B003F11DA /* Main.storyboard */; };
		CF5D37CD2656B80B003F11DA /* NestedTableviewTask.xcdatamodeld in Sources */ = {isa = PBXBuildFile; fileRef = CF5D37CB2656B80B003F11DA /* NestedTableviewTask.xcdatamodeld */; };
		CF5D37CF2656B80C003F11DA /* Assets.xcassets in Resources */ = {isa = PBXBuildFile; fileRef = CF5D37CE2656B80C003F11DA /* Assets.xcassets */; };
		CF5D37D22656B80C003F11DA /* LaunchScreen.storyboard in Resources */ = {isa = PBXBuildFile; fileRef = CF5D37D02656B80C003F11DA /* LaunchScreen.storyboard */; };
		CF5D37DD2656B80C003F11DA /* NestedTableviewTaskTests.swift in Sources */ = {isa = PBXBuildFile; fileRef = CF5D37DC2656B80C003F11DA /* NestedTableviewTaskTests.swift */; };
		CF5D37E82656B80C003F11DA /* NestedTableviewTaskUITests.swift in Sources */ = {isa = PBXBuildFile; fileRef = CF5D37E72656B80C003F11DA /* NestedTableviewTaskUITests.swift */; };
		CF5D37FE2656C1CD003F11DA /* DistrictCell.swift in Sources */ = {isa = PBXBuildFile; fileRef = CF5D37FD2656C1CD003F11DA /* DistrictCell.swift */; };
		CF5D38062656C284003F11DA /* AreaCell.swift in Sources */ = {isa = PBXBuildFile; fileRef = CF5D38052656C284003F11DA /* AreaCell.swift */; };
		CF5D380B2656C33E003F11DA /* ShopCell.swift in Sources */ = {isa = PBXBuildFile; fileRef = CF5D380A2656C33E003F11DA /* ShopCell.swift */; };
		CF5D38132656D280003F11DA /* StateModel.swift in Sources */ = {isa = PBXBuildFile; fileRef = CF5D38122656D280003F11DA /* StateModel.swift */; };
		CFD318BB2658F5E60015059A /* jsonState.json in Resources */ = {isa = PBXBuildFile; fileRef = CFD318BA2658F5E60015059A /* jsonState.json */; };
/* End PBXBuildFile section */

/* Begin PBXContainerItemProxy section */
		CF5D37D92656B80C003F11DA /* PBXContainerItemProxy */ = {
			isa = PBXContainerItemProxy;
			containerPortal = CF5D37B72656B80B003F11DA /* Project object */;
			proxyType = 1;
			remoteGlobalIDString = CF5D37BE2656B80B003F11DA;
			remoteInfo = NestedTableviewTask;
		};
		CF5D37E42656B80C003F11DA /* PBXContainerItemProxy */ = {
			isa = PBXContainerItemProxy;
			containerPortal = CF5D37B72656B80B003F11DA /* Project object */;
			proxyType = 1;
			remoteGlobalIDString = CF5D37BE2656B80B003F11DA;
			remoteInfo = NestedTableviewTask;
		};
/* End PBXContainerItemProxy section */

/* Begin PBXFileReference section */
		CF5D37BF2656B80B003F11DA /* NestedTableviewTask.app */ = {isa = PBXFileReference; explicitFileType = wrapper.application; includeInIndex = 0; path = NestedTableviewTask.app; sourceTree = BUILT_PRODUCTS_DIR; };
		CF5D37C22656B80B003F11DA /* AppDelegate.swift */ = {isa = PBXFileReference; lastKnownFileType = sourcecode.swift; path = AppDelegate.swift; sourceTree = "<group>"; };
		CF5D37C42656B80B003F11DA /* SceneDelegate.swift */ = {isa = PBXFileReference; lastKnownFileType = sourcecode.swift; path = SceneDelegate.swift; sourceTree = "<group>"; };
		CF5D37C62656B80B003F11DA /* ViewController.swift */ = {isa = PBXFileReference; lastKnownFileType = sourcecode.swift; path = ViewController.swift; sourceTree = "<group>"; };
		CF5D37C92656B80B003F11DA /* Base */ = {isa = PBXFileReference; lastKnownFileType = file.storyboard; name = Base; path = Base.lproj/Main.storyboard; sourceTree = "<group>"; };
		CF5D37CC2656B80B003F11DA /* NestedTableviewTask.xcdatamodel */ = {isa = PBXFileReference; lastKnownFileType = wrapper.xcdatamodel; path = NestedTableviewTask.xcdatamodel; sourceTree = "<group>"; };
		CF5D37CE2656B80C003F11DA /* Assets.xcassets */ = {isa = PBXFileReference; lastKnownFileType = folder.assetcatalog; path = Assets.xcassets; sourceTree = "<group>"; };
		CF5D37D12656B80C003F11DA /* Base */ = {isa = PBXFileReference; lastKnownFileType = file.storyboard; name = Base; path = Base.lproj/LaunchScreen.storyboard; sourceTree = "<group>"; };
		CF5D37D32656B80C003F11DA /* Info.plist */ = {isa = PBXFileReference; lastKnownFileType = text.plist.xml; path = Info.plist; sourceTree = "<group>"; };
		CF5D37D82656B80C003F11DA /* NestedTableviewTaskTests.xctest */ = {isa = PBXFileReference; explicitFileType = wrapper.cfbundle; includeInIndex = 0; path = NestedTableviewTaskTests.xctest; sourceTree = BUILT_PRODUCTS_DIR; };
		CF5D37DC2656B80C003F11DA /* NestedTableviewTaskTests.swift */ = {isa = PBXFileReference; lastKnownFileType = sourcecode.swift; path = NestedTableviewTaskTests.swift; sourceTree = "<group>"; };
		CF5D37DE2656B80C003F11DA /* Info.plist */ = {isa = PBXFileReference; lastKnownFileType = text.plist.xml; path = Info.plist; sourceTree = "<group>"; };
		CF5D37E32656B80C003F11DA /* NestedTableviewTaskUITests.xctest */ = {isa = PBXFileReference; explicitFileType = wrapper.cfbundle; includeInIndex = 0; path = NestedTableviewTaskUITests.xctest; sourceTree = BUILT_PRODUCTS_DIR; };
		CF5D37E72656B80C003F11DA /* NestedTableviewTaskUITests.swift */ = {isa = PBXFileReference; lastKnownFileType = sourcecode.swift; path = NestedTableviewTaskUITests.swift; sourceTree = "<group>"; };
		CF5D37E92656B80C003F11DA /* Info.plist */ = {isa = PBXFileReference; lastKnownFileType = text.plist.xml; path = Info.plist; sourceTree = "<group>"; };
		CF5D37FD2656C1CD003F11DA /* DistrictCell.swift */ = {isa = PBXFileReference; lastKnownFileType = sourcecode.swift; path = DistrictCell.swift; sourceTree = "<group>"; };
		CF5D38052656C284003F11DA /* AreaCell.swift */ = {isa = PBXFileReference; lastKnownFileType = sourcecode.swift; path = AreaCell.swift; sourceTree = "<group>"; };
		CF5D380A2656C33E003F11DA /* ShopCell.swift */ = {isa = PBXFileReference; lastKnownFileType = sourcecode.swift; path = ShopCell.swift; sourceTree = "<group>"; };
		CF5D38122656D280003F11DA /* StateModel.swift */ = {isa = PBXFileReference; lastKnownFileType = sourcecode.swift; path = StateModel.swift; sourceTree = "<group>"; };
		CFD318BA2658F5E60015059A /* jsonState.json */ = {isa = PBXFileReference; fileEncoding = 4; lastKnownFileType = text.json; path = jsonState.json; sourceTree = "<group>"; };
/* End PBXFileReference section */

/* Begin PBXFrameworksBuildPhase section */
		CF5D37BC2656B80B003F11DA /* Frameworks */ = {
			isa = PBXFrameworksBuildPhase;
			buildActionMask = 2147483647;
			files = (
			);
			runOnlyForDeploymentPostprocessing = 0;
		};
		CF5D37D52656B80C003F11DA /* Frameworks */ = {
			isa = PBXFrameworksBuildPhase;
			buildActionMask = 2147483647;
			files = (
			);
			runOnlyForDeploymentPostprocessing = 0;
		};
		CF5D37E02656B80C003F11DA /* Frameworks */ = {
			isa = PBXFrameworksBuildPhase;
			buildActionMask = 2147483647;
			files = (
			);
			runOnlyForDeploymentPostprocessing = 0;
		};
/* End PBXFrameworksBuildPhase section */

/* Begin PBXGroup section */
		CF5D37B62656B80B003F11DA = {
			isa = PBXGroup;
			children = (
				CF5D37C12656B80B003F11DA /* NestedTableviewTask */,
				CF5D37DB2656B80C003F11DA /* NestedTableviewTaskTests */,
				CF5D37E62656B80C003F11DA /* NestedTableviewTaskUITests */,
				CF5D37C02656B80B003F11DA /* Products */,
			);
			sourceTree = "<group>";
		};
		CF5D37C02656B80B003F11DA /* Products */ = {
			isa = PBXGroup;
			children = (
				CF5D37BF2656B80B003F11DA /* NestedTableviewTask.app */,
				CF5D37D82656B80C003F11DA /* NestedTableviewTaskTests.xctest */,
				CF5D37E32656B80C003F11DA /* NestedTableviewTaskUITests.xctest */,
			);
			name = Products;
			sourceTree = "<group>";
		};
		CF5D37C12656B80B003F11DA /* NestedTableviewTask */ = {
			isa = PBXGroup;
			children = (
				CF5D37FC2656C19D003F11DA /* Cell */,
				CF5D37FB2656C145003F11DA /* Model */,
				CF5D37FA2656C143003F11DA /* View */,
				CF5D37F92656C139003F11DA /* ViewModel */,
				CF5D37F82656C116003F11DA /* Viewcontroller */,
				CF5D37C22656B80B003F11DA /* AppDelegate.swift */,
				CFD318BA2658F5E60015059A /* jsonState.json */,
				CF5D37C42656B80B003F11DA /* SceneDelegate.swift */,
				CF5D37CE2656B80C003F11DA /* Assets.xcassets */,
				CF5D37D02656B80C003F11DA /* LaunchScreen.storyboard */,
				CF5D37D32656B80C003F11DA /* Info.plist */,
				CF5D37CB2656B80B003F11DA /* NestedTableviewTask.xcdatamodeld */,
			);
			path = NestedTableviewTask;
			sourceTree = "<group>";
		};
		CF5D37DB2656B80C003F11DA /* NestedTableviewTaskTests */ = {
			isa = PBXGroup;
			children = (
				CF5D37DC2656B80C003F11DA /* NestedTableviewTaskTests.swift */,
				CF5D37DE2656B80C003F11DA /* Info.plist */,
			);
			path = NestedTableviewTaskTests;
			sourceTree = "<group>";
		};
		CF5D37E62656B80C003F11DA /* NestedTableviewTaskUITests */ = {
			isa = PBXGroup;
			children = (
				CF5D37E72656B80C003F11DA /* NestedTableviewTaskUITests.swift */,
				CF5D37E92656B80C003F11DA /* Info.plist */,
			);
			path = NestedTableviewTaskUITests;
			sourceTree = "<group>";
		};
		CF5D37F82656C116003F11DA /* Viewcontroller */ = {
			isa = PBXGroup;
			children = (
				CF5D37C62656B80B003F11DA /* ViewController.swift */,
			);
			path = Viewcontroller;
			sourceTree = "<group>";
		};
		CF5D37F92656C139003F11DA /* ViewModel */ = {
			isa = PBXGroup;
			children = (
			);
			path = ViewModel;
			sourceTree = "<group>";
		};
		CF5D37FA2656C143003F11DA /* View */ = {
			isa = PBXGroup;
			children = (
				CF5D37C82656B80B003F11DA /* Main.storyboard */,
			);
			path = View;
			sourceTree = "<group>";
		};
		CF5D37FB2656C145003F11DA /* Model */ = {
			isa = PBXGroup;
			children = (
				CF5D38122656D280003F11DA /* StateModel.swift */,
			);
			path = Model;
			sourceTree = "<group>";
		};
		CF5D37FC2656C19D003F11DA /* Cell */ = {
			isa = PBXGroup;
			children = (
				CF5D37FD2656C1CD003F11DA /* DistrictCell.swift */,
				CF5D38052656C284003F11DA /* AreaCell.swift */,
				CF5D380A2656C33E003F11DA /* ShopCell.swift */,
			);
			path = Cell;
			sourceTree = "<group>";
		};
/* End PBXGroup section */

/* Begin PBXNativeTarget section */
		CF5D37BE2656B80B003F11DA /* NestedTableviewTask */ = {
			isa = PBXNativeTarget;
			buildConfigurationList = CF5D37EC2656B80C003F11DA /* Build configuration list for PBXNativeTarget "NestedTableviewTask" */;
			buildPhases = (
				CF5D37BB2656B80B003F11DA /* Sources */,
				CF5D37BC2656B80B003F11DA /* Frameworks */,
				CF5D37BD2656B80B003F11DA /* Resources */,
			);
			buildRules = (
			);
			dependencies = (
			);
			name = NestedTableviewTask;
			productName = NestedTableviewTask;
			productReference = CF5D37BF2656B80B003F11DA /* NestedTableviewTask.app */;
			productType = "com.apple.product-type.application";
		};
		CF5D37D72656B80C003F11DA /* NestedTableviewTaskTests */ = {
			isa = PBXNativeTarget;
			buildConfigurationList = CF5D37EF2656B80C003F11DA /* Build configuration list for PBXNativeTarget "NestedTableviewTaskTests" */;
			buildPhases = (
				CF5D37D42656B80C003F11DA /* Sources */,
				CF5D37D52656B80C003F11DA /* Frameworks */,
				CF5D37D62656B80C003F11DA /* Resources */,
			);
			buildRules = (
			);
			dependencies = (
				CF5D37DA2656B80C003F11DA /* PBXTargetDependency */,
			);
			name = NestedTableviewTaskTests;
			productName = NestedTableviewTaskTests;
			productReference = CF5D37D82656B80C003F11DA /* NestedTableviewTaskTests.xctest */;
			productType = "com.apple.product-type.bundle.unit-test";
		};
		CF5D37E22656B80C003F11DA /* NestedTableviewTaskUITests */ = {
			isa = PBXNativeTarget;
			buildConfigurationList = CF5D37F22656B80C003F11DA /* Build configuration list for PBXNativeTarget "NestedTableviewTaskUITests" */;
			buildPhases = (
				CF5D37DF2656B80C003F11DA /* Sources */,
				CF5D37E02656B80C003F11DA /* Frameworks */,
				CF5D37E12656B80C003F11DA /* Resources */,
			);
			buildRules = (
			);
			dependencies = (
				CF5D37E52656B80C003F11DA /* PBXTargetDependency */,
			);
			name = NestedTableviewTaskUITests;
			productName = NestedTableviewTaskUITests;
			productReference = CF5D37E32656B80C003F11DA /* NestedTableviewTaskUITests.xctest */;
			productType = "com.apple.product-type.bundle.ui-testing";
		};
/* End PBXNativeTarget section */

/* Begin PBXProject section */
		CF5D37B72656B80B003F11DA /* Project object */ = {
			isa = PBXProject;
			attributes = {
				LastSwiftUpdateCheck = 1210;
				LastUpgradeCheck = 1210;
				TargetAttributes = {
					CF5D37BE2656B80B003F11DA = {
						CreatedOnToolsVersion = 12.1;
					};
					CF5D37D72656B80C003F11DA = {
						CreatedOnToolsVersion = 12.1;
						TestTargetID = CF5D37BE2656B80B003F11DA;
					};
					CF5D37E22656B80C003F11DA = {
						CreatedOnToolsVersion = 12.1;
						TestTargetID = CF5D37BE2656B80B003F11DA;
					};
				};
			};
			buildConfigurationList = CF5D37BA2656B80B003F11DA /* Build configuration list for PBXProject "NestedTableviewTask" */;
			compatibilityVersion = "Xcode 9.3";
			developmentRegion = en;
			hasScannedForEncodings = 0;
			knownRegions = (
				en,
				Base,
			);
			mainGroup = CF5D37B62656B80B003F11DA;
			productRefGroup = CF5D37C02656B80B003F11DA /* Products */;
			projectDirPath = "";
			projectRoot = "";
			targets = (
				CF5D37BE2656B80B003F11DA /* NestedTableviewTask */,
				CF5D37D72656B80C003F11DA /* NestedTableviewTaskTests */,
				CF5D37E22656B80C003F11DA /* NestedTableviewTaskUITests */,
			);
		};
/* End PBXProject section */

/* Begin PBXResourcesBuildPhase section */
		CF5D37BD2656B80B003F11DA /* Resources */ = {
			isa = PBXResourcesBuildPhase;
			buildActionMask = 2147483647;
			files = (
				CF5D37D22656B80C003F11DA /* LaunchScreen.storyboard in Resources */,
				CFD318BB2658F5E60015059A /* jsonState.json in Resources */,
				CF5D37CF2656B80C003F11DA /* Assets.xcassets in Resources */,
				CF5D37CA2656B80B003F11DA /* Main.storyboard in Resources */,
			);
			runOnlyForDeploymentPostprocessing = 0;
		};
		CF5D37D62656B80C003F11DA /* Resources */ = {
			isa = PBXResourcesBuildPhase;
			buildActionMask = 2147483647;
			files = (
			);
			runOnlyForDeploymentPostprocessing = 0;
		};
		CF5D37E12656B80C003F11DA /* Resources */ = {
			isa = PBXResourcesBuildPhase;
			buildActionMask = 2147483647;
			files = (
			);
			runOnlyForDeploymentPostprocessing = 0;
		};
/* End PBXResourcesBuildPhase section */

/* Begin PBXSourcesBuildPhase section */
		CF5D37BB2656B80B003F11DA /* Sources */ = {
			isa = PBXSourcesBuildPhase;
			buildActionMask = 2147483647;
			files = (
				CF5D37C72656B80B003F11DA /* ViewController.swift in Sources */,
				CF5D37FE2656C1CD003F11DA /* DistrictCell.swift in Sources */,
				CF5D380B2656C33E003F11DA /* ShopCell.swift in Sources */,
				CF5D37C32656B80B003F11DA /* AppDelegate.swift in Sources */,
				CF5D37CD2656B80B003F11DA /* NestedTableviewTask.xcdatamodeld in Sources */,
				CF5D38132656D280003F11DA /* StateModel.swift in Sources */,
				CF5D38062656C284003F11DA /* AreaCell.swift in Sources */,
				CF5D37C52656B80B003F11DA /* SceneDelegate.swift in Sources */,
			);
			runOnlyForDeploymentPostprocessing = 0;
		};
		CF5D37D42656B80C003F11DA /* Sources */ = {
			isa = PBXSourcesBuildPhase;
			buildActionMask = 2147483647;
			files = (
				CF5D37DD2656B80C003F11DA /* NestedTableviewTaskTests.swift in Sources */,
			);
			runOnlyForDeploymentPostprocessing = 0;
		};
		CF5D37DF2656B80C003F11DA /* Sources */ = {
			isa = PBXSourcesBuildPhase;
			buildActionMask = 2147483647;
			files = (
				CF5D37E82656B80C003F11DA /* NestedTableviewTaskUITests.swift in Sources */,
			);
			runOnlyForDeploymentPostprocessing = 0;
		};
/* End PBXSourcesBuildPhase section */

/* Begin PBXTargetDependency section */
		CF5D37DA2656B80C003F11DA /* PBXTargetDependency */ = {
			isa = PBXTargetDependency;
			target = CF5D37BE2656B80B003F11DA /* NestedTableviewTask */;
			targetProxy = CF5D37D92656B80C003F11DA /* PBXContainerItemProxy */;
		};
		CF5D37E52656B80C003F11DA /* PBXTargetDependency */ = {
			isa = PBXTargetDependency;
			target = CF5D37BE2656B80B003F11DA /* NestedTableviewTask */;
			targetProxy = CF5D37E42656B80C003F11DA /* PBXContainerItemProxy */;
		};
/* End PBXTargetDependency section */

/* Begin PBXVariantGroup section */
		CF5D37C82656B80B003F11DA /* Main.storyboard */ = {
			isa = PBXVariantGroup;
			children = (
				CF5D37C92656B80B003F11DA /* Base */,
			);
			name = Main.storyboard;
			sourceTree = "<group>";
		};
		CF5D37D02656B80C003F11DA /* LaunchScreen.storyboard */ = {
			isa = PBXVariantGroup;
			children = (
				CF5D37D12656B80C003F11DA /* Base */,
			);
			name = LaunchScreen.storyboard;
			sourceTree = "<group>";
		};
/* End PBXVariantGroup section */

/* Begin XCBuildConfiguration section */
		CF5D37EA2656B80C003F11DA /* Debug */ = {
			isa = XCBuildConfiguration;
			buildSettings = {
				ALWAYS_SEARCH_USER_PATHS = NO;
				CLANG_ANALYZER_NONNULL = YES;
				CLANG_ANALYZER_NUMBER_OBJECT_CONVERSION = YES_AGGRESSIVE;
				CLANG_CXX_LANGUAGE_STANDARD = "gnu++14";
				CLANG_CXX_LIBRARY = "libc++";
				CLANG_ENABLE_MODULES = YES;
				CLANG_ENABLE_OBJC_ARC = YES;
				CLANG_ENABLE_OBJC_WEAK = YES;
				CLANG_WARN_BLOCK_CAPTURE_AUTORELEASING = YES;
				CLANG_WARN_BOOL_CONVERSION = YES;
				CLANG_WARN_COMMA = YES;
				CLANG_WARN_CONSTANT_CONVERSION = YES;
				CLANG_WARN_DEPRECATED_OBJC_IMPLEMENTATIONS = YES;
				CLANG_WARN_DIRECT_OBJC_ISA_USAGE = YES_ERROR;
				CLANG_WARN_DOCUMENTATION_COMMENTS = YES;
				CLANG_WARN_EMPTY_BODY = YES;
				CLANG_WARN_ENUM_CONVERSION = YES;
				CLANG_WARN_INFINITE_RECURSION = YES;
				CLANG_WARN_INT_CONVERSION = YES;
				CLANG_WARN_NON_LITERAL_NULL_CONVERSION = YES;
				CLANG_WARN_OBJC_IMPLICIT_RETAIN_SELF = YES;
				CLANG_WARN_OBJC_LITERAL_CONVERSION = YES;
				CLANG_WARN_OBJC_ROOT_CLASS = YES_ERROR;
				CLANG_WARN_QUOTED_INCLUDE_IN_FRAMEWORK_HEADER = YES;
				CLANG_WARN_RANGE_LOOP_ANALYSIS = YES;
				CLANG_WARN_STRICT_PROTOTYPES = YES;
				CLANG_WARN_SUSPICIOUS_MOVE = YES;
				CLANG_WARN_UNGUARDED_AVAILABILITY = YES_AGGRESSIVE;
				CLANG_WARN_UNREACHABLE_CODE = YES;
				CLANG_WARN__DUPLICATE_METHOD_MATCH = YES;
				COPY_PHASE_STRIP = NO;
				DEBUG_INFORMATION_FORMAT = dwarf;
				ENABLE_STRICT_OBJC_MSGSEND = YES;
				ENABLE_TESTABILITY = YES;
				GCC_C_LANGUAGE_STANDARD = gnu11;
				GCC_DYNAMIC_NO_PIC = NO;
				GCC_NO_COMMON_BLOCKS = YES;
				GCC_OPTIMIZATION_LEVEL = 0;
				GCC_PREPROCESSOR_DEFINITIONS = (
					"DEBUG=1",
					"$(inherited)",
				);
				GCC_WARN_64_TO_32_BIT_CONVERSION = YES;
				GCC_WARN_ABOUT_RETURN_TYPE = YES_ERROR;
				GCC_WARN_UNDECLARED_SELECTOR = YES;
				GCC_WARN_UNINITIALIZED_AUTOS = YES_AGGRESSIVE;
				GCC_WARN_UNUSED_FUNCTION = YES;
				GCC_WARN_UNUSED_VARIABLE = YES;
				IPHONEOS_DEPLOYMENT_TARGET = 14.1;
				MTL_ENABLE_DEBUG_INFO = INCLUDE_SOURCE;
				MTL_FAST_MATH = YES;
				ONLY_ACTIVE_ARCH = YES;
				SDKROOT = iphoneos;
				SWIFT_ACTIVE_COMPILATION_CONDITIONS = DEBUG;
				SWIFT_OPTIMIZATION_LEVEL = "-Onone";
			};
			name = Debug;
		};
		CF5D37EB2656B80C003F11DA /* Release */ = {
			isa = XCBuildConfiguration;
			buildSettings = {
				ALWAYS_SEARCH_USER_PATHS = NO;
				CLANG_ANALYZER_NONNULL = YES;
				CLANG_ANALYZER_NUMBER_OBJECT_CONVERSION = YES_AGGRESSIVE;
				CLANG_CXX_LANGUAGE_STANDARD = "gnu++14";
				CLANG_CXX_LIBRARY = "libc++";
				CLANG_ENABLE_MODULES = YES;
				CLANG_ENABLE_OBJC_ARC = YES;
				CLANG_ENABLE_OBJC_WEAK = YES;
				CLANG_WARN_BLOCK_CAPTURE_AUTORELEASING = YES;
				CLANG_WARN_BOOL_CONVERSION = YES;
				CLANG_WARN_COMMA = YES;
				CLANG_WARN_CONSTANT_CONVERSION = YES;
				CLANG_WARN_DEPRECATED_OBJC_IMPLEMENTATIONS = YES;
				CLANG_WARN_DIRECT_OBJC_ISA_USAGE = YES_ERROR;
				CLANG_WARN_DOCUMENTATION_COMMENTS = YES;
				CLANG_WARN_EMPTY_BODY = YES;
				CLANG_WARN_ENUM_CONVERSION = YES;
				CLANG_WARN_INFINITE_RECURSION = YES;
				CLANG_WARN_INT_CONVERSION = YES;
				CLANG_WARN_NON_LITERAL_NULL_CONVERSION = YES;
				CLANG_WARN_OBJC_IMPLICIT_RETAIN_SELF = YES;
				CLANG_WARN_OBJC_LITERAL_CONVERSION = YES;
				CLANG_WARN_OBJC_ROOT_CLASS = YES_ERROR;
				CLANG_WARN_QUOTED_INCLUDE_IN_FRAMEWORK_HEADER = YES;
				CLANG_WARN_RANGE_LOOP_ANALYSIS = YES;
				CLANG_WARN_STRICT_PROTOTYPES = YES;
				CLANG_WARN_SUSPICIOUS_MOVE = YES;
				CLANG_WARN_UNGUARDED_AVAILABILITY = YES_AGGRESSIVE;
				CLANG_WARN_UNREACHABLE_CODE = YES;
				CLANG_WARN__DUPLICATE_METHOD_MATCH = YES;
				COPY_PHASE_STRIP = NO;
				DEBUG_INFORMATION_FORMAT = "dwarf-with-dsym";
				ENABLE_NS_ASSERTIONS = NO;
				ENABLE_STRICT_OBJC_MSGSEND = YES;
				GCC_C_LANGUAGE_STANDARD = gnu11;
				GCC_NO_COMMON_BLOCKS = YES;
				GCC_WARN_64_TO_32_BIT_CONVERSION = YES;
				GCC_WARN_ABOUT_RETURN_TYPE = YES_ERROR;
				GCC_WARN_UNDECLARED_SELECTOR = YES;
				GCC_WARN_UNINITIALIZED_AUTOS = YES_AGGRESSIVE;
				GCC_WARN_UNUSED_FUNCTION = YES;
				GCC_WARN_UNUSED_VARIABLE = YES;
				IPHONEOS_DEPLOYMENT_TARGET = 14.1;
				MTL_ENABLE_DEBUG_INFO = NO;
				MTL_FAST_MATH = YES;
				SDKROOT = iphoneos;
				SWIFT_COMPILATION_MODE = wholemodule;
				SWIFT_OPTIMIZATION_LEVEL = "-O";
				VALIDATE_PRODUCT = YES;
			};
			name = Release;
		};
		CF5D37ED2656B80C003F11DA /* Debug */ = {
			isa = XCBuildConfiguration;
			buildSettings = {
				ASSETCATALOG_COMPILER_APPICON_NAME = AppIcon;
				ASSETCATALOG_COMPILER_GLOBAL_ACCENT_COLOR_NAME = AccentColor;
				CODE_SIGN_STYLE = Automatic;
				INFOPLIST_FILE = NestedTableviewTask/Info.plist;
				LD_RUNPATH_SEARCH_PATHS = (
					"$(inherited)",
					"@executable_path/Frameworks",
				);
				PRODUCT_BUNDLE_IDENTIFIER = com.task.NestedTableviewTask;
				PRODUCT_NAME = "$(TARGET_NAME)";
				SWIFT_VERSION = 5.0;
				TARGETED_DEVICE_FAMILY = "1,2";
			};
			name = Debug;
		};
		CF5D37EE2656B80C003F11DA /* Release */ = {
			isa = XCBuildConfiguration;
			buildSettings = {
				ASSETCATALOG_COMPILER_APPICON_NAME = AppIcon;
				ASSETCATALOG_COMPILER_GLOBAL_ACCENT_COLOR_NAME = AccentColor;
				CODE_SIGN_STYLE = Automatic;
				INFOPLIST_FILE = NestedTableviewTask/Info.plist;
				LD_RUNPATH_SEARCH_PATHS = (
					"$(inherited)",
					"@executable_path/Frameworks",
				);
				PRODUCT_BUNDLE_IDENTIFIER = com.task.NestedTableviewTask;
				PRODUCT_NAME = "$(TARGET_NAME)";
				SWIFT_VERSION = 5.0;
				TARGETED_DEVICE_FAMILY = "1,2";
			};
			name = Release;
		};
		CF5D37F02656B80C003F11DA /* Debug */ = {
			isa = XCBuildConfiguration;
			buildSettings = {
				ALWAYS_EMBED_SWIFT_STANDARD_LIBRARIES = YES;
				BUNDLE_LOADER = "$(TEST_HOST)";
				CODE_SIGN_STYLE = Automatic;
				INFOPLIST_FILE = NestedTableviewTaskTests/Info.plist;
				IPHONEOS_DEPLOYMENT_TARGET = 14.1;
				LD_RUNPATH_SEARCH_PATHS = (
					"$(inherited)",
					"@executable_path/Frameworks",
					"@loader_path/Frameworks",
				);
				PRODUCT_BUNDLE_IDENTIFIER = com.task.NestedTableviewTaskTests;
				PRODUCT_NAME = "$(TARGET_NAME)";
				SWIFT_VERSION = 5.0;
				TARGETED_DEVICE_FAMILY = "1,2";
				TEST_HOST = "$(BUILT_PRODUCTS_DIR)/NestedTableviewTask.app/NestedTableviewTask";
			};
			name = Debug;
		};
		CF5D37F12656B80C003F11DA /* Release */ = {
			isa = XCBuildConfiguration;
			buildSettings = {
				ALWAYS_EMBED_SWIFT_STANDARD_LIBRARIES = YES;
				BUNDLE_LOADER = "$(TEST_HOST)";
				CODE_SIGN_STYLE = Automatic;
				INFOPLIST_FILE = NestedTableviewTaskTests/Info.plist;
				IPHONEOS_DEPLOYMENT_TARGET = 14.1;
				LD_RUNPATH_SEARCH_PATHS = (
					"$(inherited)",
					"@executable_path/Frameworks",
					"@loader_path/Frameworks",
				);
				PRODUCT_BUNDLE_IDENTIFIER = com.task.NestedTableviewTaskTests;
				PRODUCT_NAME = "$(TARGET_NAME)";
				SWIFT_VERSION = 5.0;
				TARGETED_DEVICE_FAMILY = "1,2";
				TEST_HOST = "$(BUILT_PRODUCTS_DIR)/NestedTableviewTask.app/NestedTableviewTask";
			};
			name = Release;
		};
		CF5D37F32656B80C003F11DA /* Debug */ = {
			isa = XCBuildConfiguration;
			buildSettings = {
				ALWAYS_EMBED_SWIFT_STANDARD_LIBRARIES = YES;
				CODE_SIGN_STYLE = Automatic;
				INFOPLIST_FILE = NestedTableviewTaskUITests/Info.plist;
				LD_RUNPATH_SEARCH_PATHS = (
					"$(inherited)",
					"@executable_path/Frameworks",
					"@loader_path/Frameworks",
				);
				PRODUCT_BUNDLE_IDENTIFIER = com.task.NestedTableviewTaskUITests;
				PRODUCT_NAME = "$(TARGET_NAME)";
				SWIFT_VERSION = 5.0;
				TARGETED_DEVICE_FAMILY = "1,2";
				TEST_TARGET_NAME = NestedTableviewTask;
			};
			name = Debug;
		};
		CF5D37F42656B80C003F11DA /* Release */ = {
			isa = XCBuildConfiguration;
			buildSettings = {
				ALWAYS_EMBED_SWIFT_STANDARD_LIBRARIES = YES;
				CODE_SIGN_STYLE = Automatic;
				INFOPLIST_FILE = NestedTableviewTaskUITests/Info.plist;
				LD_RUNPATH_SEARCH_PATHS = (
					"$(inherited)",
					"@executable_path/Frameworks",
					"@loader_path/Frameworks",
				);
				PRODUCT_BUNDLE_IDENTIFIER = com.task.NestedTableviewTaskUITests;
				PRODUCT_NAME = "$(TARGET_NAME)";
				SWIFT_VERSION = 5.0;
				TARGETED_DEVICE_FAMILY = "1,2";
				TEST_TARGET_NAME = NestedTableviewTask;
			};
			name = Release;
		};
/* End XCBuildConfiguration section */

/* Begin XCConfigurationList section */
		CF5D37BA2656B80B003F11DA /* Build configuration list for PBXProject "NestedTableviewTask" */ = {
			isa = XCConfigurationList;
			buildConfigurations = (
				CF5D37EA2656B80C003F11DA /* Debug */,
				CF5D37EB2656B80C003F11DA /* Release */,
			);
			defaultConfigurationIsVisible = 0;
			defaultConfigurationName = Release;
		};
		CF5D37EC2656B80C003F11DA /* Build configuration list for PBXNativeTarget "NestedTableviewTask" */ = {
			isa = XCConfigurationList;
			buildConfigurations = (
				CF5D37ED2656B80C003F11DA /* Debug */,
				CF5D37EE2656B80C003F11DA /* Release */,
			);
			defaultConfigurationIsVisible = 0;
			defaultConfigurationName = Release;
		};
		CF5D37EF2656B80C003F11DA /* Build configuration list for PBXNativeTarget "NestedTableviewTaskTests" */ = {
			isa = XCConfigurationList;
			buildConfigurations = (
				CF5D37F02656B80C003F11DA /* Debug */,
				CF5D37F12656B80C003F11DA /* Release */,
			);
			defaultConfigurationIsVisible = 0;
			defaultConfigurationName = Release;
		};
		CF5D37F22656B80C003F11DA /* Build configuration list for PBXNativeTarget "NestedTableviewTaskUITests" */ = {
			isa = XCConfigurationList;
			buildConfigurations = (
				CF5D37F32656B80C003F11DA /* Debug */,
				CF5D37F42656B80C003F11DA /* Release */,
			);
			defaultConfigurationIsVisible = 0;
			defaultConfigurationName = Release;
		};
/* End XCConfigurationList section */

/* Begin XCVersionGroup section */
		CF5D37CB2656B80B003F11DA /* NestedTableviewTask.xcdatamodeld */ = {
			isa = XCVersionGroup;
			children = (
				CF5D37CC2656B80B003F11DA /* NestedTableviewTask.xcdatamodel */,
			);
			currentVersion = CF5D37CC2656B80B003F11DA /* NestedTableviewTask.xcdatamodel */;
			path = NestedTableviewTask.xcdatamodeld;
			sourceTree = "<group>";
			versionGroupType = wrapper.xcdatamodel;
		};
/* End XCVersionGroup section */
	};
	rootObject = CF5D37B72656B80B003F11DA /* Project object */;
}
